
Microsoft Visual Studio Solution File, Format Version 12.00
# Visual Studio 15
VisualStudioVersion = 15.0.26730.12
MinimumVisualStudioVersion = 10.0.40219.1
Project("{FAE04EC0-301F-11D3-BF4B-00C04F79EFBC}") = "LinQ Harjutused", "LinQ Harjutused\LinQ Harjutused.csproj", "{A8FBCC54-83C2-4D28-A524-DA24008668AE}"
EndProject
Global
	GlobalSection(SolutionConfigurationPlatforms) = preSolution
		Debug|Any CPU = Debug|Any CPU
		Release|Any CPU = Release|Any CPU
	EndGlobalSection
	GlobalSection(ProjectConfigurationPlatforms) = postSolution
		{A8FBCC54-83C2-4D28-A524-DA24008668AE}.Debug|Any CPU.ActiveCfg = Debug|Any CPU
		{A8FBCC54-83C2-4D28-A524-DA24008668AE}.Debug|Any CPU.Build.0 = Debug|Any CPU
		{A8FBCC54-83C2-4D28-A524-DA24008668AE}.Release|Any CPU.ActiveCfg = Release|Any CPU
		{A8FBCC54-83C2-4D28-A524-DA24008668AE}.Release|Any CPU.Build.0 = Release|Any CPU
	EndGlobalSection
	GlobalSection(SolutionProperties) = preSolution
		HideSolutionNode = FALSE
	EndGlobalSection
	GlobalSection(ExtensibilityGlobals) = postSolution
		SolutionGuid = {7763F30A-B471-4E13-B5D3-E95685A2FE7D}
	EndGlobalSection
EndGlobal
